
Microsoft Visual Studio Solution File, Format Version 12.00
# Visual Studio Version 17
VisualStudioVersion = 17.8.34525.116
MinimumVisualStudioVersion = 10.0.40219.1
Project("{FAE04EC0-301F-11D3-BF4B-00C04F79EFBC}") = "Eksamen", "Eksamen\Eksamen.csproj", "{FF554DDC-427A-4AD4-B6E8-5EB67510220E}"
EndProject
Global
	GlobalSection(SolutionConfigurationPlatforms) = preSolution
		Debug|Any CPU = Debug|Any CPU
		Release|Any CPU = Release|Any CPU
	EndGlobalSection
	GlobalSection(ProjectConfigurationPlatforms) = postSolution
		{FF554DDC-427A-4AD4-B6E8-5EB67510220E}.Debug|Any CPU.ActiveCfg = Debug|Any CPU
		{FF554DDC-427A-4AD4-B6E8-5EB67510220E}.Debug|Any CPU.Build.0 = Debug|Any CPU
		{FF554DDC-427A-4AD4-B6E8-5EB67510220E}.Release|Any CPU.ActiveCfg = Release|Any CPU
		{FF554DDC-427A-4AD4-B6E8-5EB67510220E}.Release|Any CPU.Build.0 = Release|Any CPU
	EndGlobalSection
	GlobalSection(SolutionProperties) = preSolution
		HideSolutionNode = FALSE
	EndGlobalSection
	GlobalSection(ExtensibilityGlobals) = postSolution
		SolutionGuid = {0B85E2B7-5999-4886-8B23-266336C39010}
	EndGlobalSection
EndGlobal
